// !$*UTF8*$!
{
	archiveVersion = 1;
	classes = {
	};
	objectVersion = 56;
	objects = {

/* Begin PBXBuildFile section */
		52D361D22B449F5C00A91897 /* AppDelegate.swift in Sources */ = {isa = PBXBuildFile; fileRef = 52D361D12B449F5C00A91897 /* AppDelegate.swift */; };
		52D361D42B449F5C00A91897 /* SceneDelegate.swift in Sources */ = {isa = PBXBuildFile; fileRef = 52D361D32B449F5C00A91897 /* SceneDelegate.swift */; };
		52D361D62B449F5C00A91897 /* ViewController.swift in Sources */ = {isa = PBXBuildFile; fileRef = 52D361D52B449F5C00A91897 /* ViewController.swift */; };
		52D361D92B449F5C00A91897 /* Main.storyboard in Resources */ = {isa = PBXBuildFile; fileRef = 52D361D72B449F5C00A91897 /* Main.storyboard */; };
		52D361DC2B449F5C00A91897 /* IntroduceStudent.xcdatamodeld in Sources */ = {isa = PBXBuildFile; fileRef = 52D361DA2B449F5C00A91897 /* IntroduceStudent.xcdatamodeld */; };
		52D361DE2B449F5D00A91897 /* Assets.xcassets in Resources */ = {isa = PBXBuildFile; fileRef = 52D361DD2B449F5D00A91897 /* Assets.xcassets */; };
		52D361E12B449F5D00A91897 /* LaunchScreen.storyboard in Resources */ = {isa = PBXBuildFile; fileRef = 52D361DF2B449F5D00A91897 /* LaunchScreen.storyboard */; };
		52D361EC2B449F5D00A91897 /* IntroduceStudentTests.swift in Sources */ = {isa = PBXBuildFile; fileRef = 52D361EB2B449F5D00A91897 /* IntroduceStudentTests.swift */; };
		52D361F62B449F5D00A91897 /* IntroduceStudentUITests.swift in Sources */ = {isa = PBXBuildFile; fileRef = 52D361F52B449F5D00A91897 /* IntroduceStudentUITests.swift */; };
		52D361F82B449F5D00A91897 /* IntroduceStudentUITestsLaunchTests.swift in Sources */ = {isa = PBXBuildFile; fileRef = 52D361F72B449F5D00A91897 /* IntroduceStudentUITestsLaunchTests.swift */; };
/* End PBXBuildFile section */

/* Begin PBXContainerItemProxy section */
		52D361E82B449F5D00A91897 /* PBXContainerItemProxy */ = {
			isa = PBXContainerItemProxy;
			containerPortal = 52D361C62B449F5C00A91897 /* Project object */;
			proxyType = 1;
			remoteGlobalIDString = 52D361CD2B449F5C00A91897;
			remoteInfo = IntroduceStudent;
		};
		52D361F22B449F5D00A91897 /* PBXContainerItemProxy */ = {
			isa = PBXContainerItemProxy;
			containerPortal = 52D361C62B449F5C00A91897 /* Project object */;
			proxyType = 1;
			remoteGlobalIDString = 52D361CD2B449F5C00A91897;
			remoteInfo = IntroduceStudent;
		};
/* End PBXContainerItemProxy section */

/* Begin PBXFileReference section */
		52D361CE2B449F5C00A91897 /* IntroduceStudent.app */ = {isa = PBXFileReference; explicitFileType = wrapper.application; includeInIndex = 0; path = IntroduceStudent.app; sourceTree = BUILT_PRODUCTS_DIR; };
		52D361D12B449F5C00A91897 /* AppDelegate.swift */ = {isa = PBXFileReference; lastKnownFileType = sourcecode.swift; path = AppDelegate.swift; sourceTree = "<group>"; };
		52D361D32B449F5C00A91897 /* SceneDelegate.swift */ = {isa = PBXFileReference; lastKnownFileType = sourcecode.swift; path = SceneDelegate.swift; sourceTree = "<group>"; };
		52D361D52B449F5C00A91897 /* ViewController.swift */ = {isa = PBXFileReference; lastKnownFileType = sourcecode.swift; path = ViewController.swift; sourceTree = "<group>"; };
		52D361D82B449F5C00A91897 /* Base */ = {isa = PBXFileReference; lastKnownFileType = file.storyboard; name = Base; path = Base.lproj/Main.storyboard; sourceTree = "<group>"; };
		52D361DB2B449F5C00A91897 /* IntroduceStudent.xcdatamodel */ = {isa = PBXFileReference; lastKnownFileType = wrapper.xcdatamodel; path = IntroduceStudent.xcdatamodel; sourceTree = "<group>"; };
		52D361DD2B449F5D00A91897 /* Assets.xcassets */ = {isa = PBXFileReference; lastKnownFileType = folder.assetcatalog; path = Assets.xcassets; sourceTree = "<group>"; };
		52D361E02B449F5D00A91897 /* Base */ = {isa = PBXFileReference; lastKnownFileType = file.storyboard; name = Base; path = Base.lproj/LaunchScreen.storyboard; sourceTree = "<group>"; };
		52D361E22B449F5D00A91897 /* Info.plist */ = {isa = PBXFileReference; lastKnownFileType = text.plist.xml; path = Info.plist; sourceTree = "<group>"; };
		52D361E72B449F5D00A91897 /* IntroduceStudentTests.xctest */ = {isa = PBXFileReference; explicitFileType = wrapper.cfbundle; includeInIndex = 0; path = IntroduceStudentTests.xctest; sourceTree = BUILT_PRODUCTS_DIR; };
		52D361EB2B449F5D00A91897 /* IntroduceStudentTests.swift */ = {isa = PBXFileReference; lastKnownFileType = sourcecode.swift; path = IntroduceStudentTests.swift; sourceTree = "<group>"; };
		52D361F12B449F5D00A91897 /* IntroduceStudentUITests.xctest */ = {isa = PBXFileReference; explicitFileType = wrapper.cfbundle; includeInIndex = 0; path = IntroduceStudentUITests.xctest; sourceTree = BUILT_PRODUCTS_DIR; };
		52D361F52B449F5D00A91897 /* IntroduceStudentUITests.swift */ = {isa = PBXFileReference; lastKnownFileType = sourcecode.swift; path = IntroduceStudentUITests.swift; sourceTree = "<group>"; };
		52D361F72B449F5D00A91897 /* IntroduceStudentUITestsLaunchTests.swift */ = {isa = PBXFileReference; lastKnownFileType = sourcecode.swift; path = IntroduceStudentUITestsLaunchTests.swift; sourceTree = "<group>"; };
/* End PBXFileReference section */

/* Begin PBXFrameworksBuildPhase section */
		52D361CB2B449F5C00A91897 /* Frameworks */ = {
			isa = PBXFrameworksBuildPhase;
			buildActionMask = 2147483647;
			files = (
			);
			runOnlyForDeploymentPostprocessing = 0;
		};
		52D361E42B449F5D00A91897 /* Frameworks */ = {
			isa = PBXFrameworksBuildPhase;
			buildActionMask = 2147483647;
			files = (
			);
			runOnlyForDeploymentPostprocessing = 0;
		};
		52D361EE2B449F5D00A91897 /* Frameworks */ = {
			isa = PBXFrameworksBuildPhase;
			buildActionMask = 2147483647;
			files = (
			);
			runOnlyForDeploymentPostprocessing = 0;
		};
/* End PBXFrameworksBuildPhase section */

/* Begin PBXGroup section */
		52D361C52B449F5C00A91897 = {
			isa = PBXGroup;
			children = (
				52D361D02B449F5C00A91897 /* IntroduceStudent */,
				52D361EA2B449F5D00A91897 /* IntroduceStudentTests */,
				52D361F42B449F5D00A91897 /* IntroduceStudentUITests */,
				52D361CF2B449F5C00A91897 /* Products */,
			);
			sourceTree = "<group>";
		};
		52D361CF2B449F5C00A91897 /* Products */ = {
			isa = PBXGroup;
			children = (
				52D361CE2B449F5C00A91897 /* IntroduceStudent.app */,
				52D361E72B449F5D00A91897 /* IntroduceStudentTests.xctest */,
				52D361F12B449F5D00A91897 /* IntroduceStudentUITests.xctest */,
			);
			name = Products;
			sourceTree = "<group>";
		};
		52D361D02B449F5C00A91897 /* IntroduceStudent */ = {
			isa = PBXGroup;
			children = (
				52D361D12B449F5C00A91897 /* AppDelegate.swift */,
				52D361D32B449F5C00A91897 /* SceneDelegate.swift */,
				52D361D52B449F5C00A91897 /* ViewController.swift */,
				52D361D72B449F5C00A91897 /* Main.storyboard */,
				52D361DD2B449F5D00A91897 /* Assets.xcassets */,
				52D361DF2B449F5D00A91897 /* LaunchScreen.storyboard */,
				52D361E22B449F5D00A91897 /* Info.plist */,
				52D361DA2B449F5C00A91897 /* IntroduceStudent.xcdatamodeld */,
			);
			path = IntroduceStudent;
			sourceTree = "<group>";
		};
		52D361EA2B449F5D00A91897 /* IntroduceStudentTests */ = {
			isa = PBXGroup;
			children = (
				52D361EB2B449F5D00A91897 /* IntroduceStudentTests.swift */,
			);
			path = IntroduceStudentTests;
			sourceTree = "<group>";
		};
		52D361F42B449F5D00A91897 /* IntroduceStudentUITests */ = {
			isa = PBXGroup;
			children = (
				52D361F52B449F5D00A91897 /* IntroduceStudentUITests.swift */,
				52D361F72B449F5D00A91897 /* IntroduceStudentUITestsLaunchTests.swift */,
			);
			path = IntroduceStudentUITests;
			sourceTree = "<group>";
		};
/* End PBXGroup section */

/* Begin PBXNativeTarget section */
		52D361CD2B449F5C00A91897 /* IntroduceStudent */ = {
			isa = PBXNativeTarget;
			buildConfigurationList = 52D361FB2B449F5D00A91897 /* Build configuration list for PBXNativeTarget "IntroduceStudent" */;
			buildPhases = (
				52D361CA2B449F5C00A91897 /* Sources */,
				52D361CB2B449F5C00A91897 /* Frameworks */,
				52D361CC2B449F5C00A91897 /* Resources */,
			);
			buildRules = (
			);
			dependencies = (
			);
			name = IntroduceStudent;
			productName = IntroduceStudent;
			productReference = 52D361CE2B449F5C00A91897 /* IntroduceStudent.app */;
			productType = "com.apple.product-type.application";
		};
		52D361E62B449F5D00A91897 /* IntroduceStudentTests */ = {
			isa = PBXNativeTarget;
			buildConfigurationList = 52D361FE2B449F5D00A91897 /* Build configuration list for PBXNativeTarget "IntroduceStudentTests" */;
			buildPhases = (
				52D361E32B449F5D00A91897 /* Sources */,
				52D361E42B449F5D00A91897 /* Frameworks */,
				52D361E52B449F5D00A91897 /* Resources */,
			);
			buildRules = (
			);
			dependencies = (
				52D361E92B449F5D00A91897 /* PBXTargetDependency */,
			);
			name = IntroduceStudentTests;
			productName = IntroduceStudentTests;
			productReference = 52D361E72B449F5D00A91897 /* IntroduceStudentTests.xctest */;
			productType = "com.apple.product-type.bundle.unit-test";
		};
		52D361F02B449F5D00A91897 /* IntroduceStudentUITests */ = {
			isa = PBXNativeTarget;
			buildConfigurationList = 52D362012B449F5D00A91897 /* Build configuration list for PBXNativeTarget "IntroduceStudentUITests" */;
			buildPhases = (
				52D361ED2B449F5D00A91897 /* Sources */,
				52D361EE2B449F5D00A91897 /* Frameworks */,
				52D361EF2B449F5D00A91897 /* Resources */,
			);
			buildRules = (
			);
			dependencies = (
				52D361F32B449F5D00A91897 /* PBXTargetDependency */,
			);
			name = IntroduceStudentUITests;
			productName = IntroduceStudentUITests;
			productReference = 52D361F12B449F5D00A91897 /* IntroduceStudentUITests.xctest */;
			productType = "com.apple.product-type.bundle.ui-testing";
		};
/* End PBXNativeTarget section */

/* Begin PBXProject section */
		52D361C62B449F5C00A91897 /* Project object */ = {
			isa = PBXProject;
			attributes = {
				BuildIndependentTargetsInParallel = 1;
				LastSwiftUpdateCheck = 1500;
				LastUpgradeCheck = 1500;
				TargetAttributes = {
					52D361CD2B449F5C00A91897 = {
						CreatedOnToolsVersion = 15.0.1;
					};
					52D361E62B449F5D00A91897 = {
						CreatedOnToolsVersion = 15.0.1;
						TestTargetID = 52D361CD2B449F5C00A91897;
					};
					52D361F02B449F5D00A91897 = {
						CreatedOnToolsVersion = 15.0.1;
						TestTargetID = 52D361CD2B449F5C00A91897;
					};
				};
			};
			buildConfigurationList = 52D361C92B449F5C00A91897 /* Build configuration list for PBXProject "IntroduceStudent" */;
			compatibilityVersion = "Xcode 14.0";
			developmentRegion = en;
			hasScannedForEncodings = 0;
			knownRegions = (
				en,
				Base,
			);
			mainGroup = 52D361C52B449F5C00A91897;
			productRefGroup = 52D361CF2B449F5C00A91897 /* Products */;
			projectDirPath = "";
			projectRoot = "";
			targets = (
				52D361CD2B449F5C00A91897 /* IntroduceStudent */,
				52D361E62B449F5D00A91897 /* IntroduceStudentTests */,
				52D361F02B449F5D00A91897 /* IntroduceStudentUITests */,
			);
		};
/* End PBXProject section */

/* Begin PBXResourcesBuildPhase section */
		52D361CC2B449F5C00A91897 /* Resources */ = {
			isa = PBXResourcesBuildPhase;
			buildActionMask = 2147483647;
			files = (
				52D361E12B449F5D00A91897 /* LaunchScreen.storyboard in Resources */,
				52D361DE2B449F5D00A91897 /* Assets.xcassets in Resources */,
				52D361D92B449F5C00A91897 /* Main.storyboard in Resources */,
			);
			runOnlyForDeploymentPostprocessing = 0;
		};
		52D361E52B449F5D00A91897 /* Resources */ = {
			isa = PBXResourcesBuildPhase;
			buildActionMask = 2147483647;
			files = (
			);
			runOnlyForDeploymentPostprocessing = 0;
		};
		52D361EF2B449F5D00A91897 /* Resources */ = {
			isa = PBXResourcesBuildPhase;
			buildActionMask = 2147483647;
			files = (
			);
			runOnlyForDeploymentPostprocessing = 0;
		};
/* End PBXResourcesBuildPhase section */

/* Begin PBXSourcesBuildPhase section */
		52D361CA2B449F5C00A91897 /* Sources */ = {
			isa = PBXSourcesBuildPhase;
			buildActionMask = 2147483647;
			files = (
				52D361D62B449F5C00A91897 /* ViewController.swift in Sources */,
				52D361DC2B449F5C00A91897 /* IntroduceStudent.xcdatamodeld in Sources */,
				52D361D22B449F5C00A91897 /* AppDelegate.swift in Sources */,
				52D361D42B449F5C00A91897 /* SceneDelegate.swift in Sources */,
			);
			runOnlyForDeploymentPostprocessing = 0;
		};
		52D361E32B449F5D00A91897 /* Sources */ = {
			isa = PBXSourcesBuildPhase;
			buildActionMask = 2147483647;
			files = (
				52D361EC2B449F5D00A91897 /* IntroduceStudentTests.swift in Sources */,
			);
			runOnlyForDeploymentPostprocessing = 0;
		};
		52D361ED2B449F5D00A91897 /* Sources */ = {
			isa = PBXSourcesBuildPhase;
			buildActionMask = 2147483647;
			files = (
				52D361F82B449F5D00A91897 /* IntroduceStudentUITestsLaunchTests.swift in Sources */,
				52D361F62B449F5D00A91897 /* IntroduceStudentUITests.swift in Sources */,
			);
			runOnlyForDeploymentPostprocessing = 0;
		};
/* End PBXSourcesBuildPhase section */

/* Begin PBXTargetDependency section */
		52D361E92B449F5D00A91897 /* PBXTargetDependency */ = {
			isa = PBXTargetDependency;
			target = 52D361CD2B449F5C00A91897 /* IntroduceStudent */;
			targetProxy = 52D361E82B449F5D00A91897 /* PBXContainerItemProxy */;
		};
		52D361F32B449F5D00A91897 /* PBXTargetDependency */ = {
			isa = PBXTargetDependency;
			target = 52D361CD2B449F5C00A91897 /* IntroduceStudent */;
			targetProxy = 52D361F22B449F5D00A91897 /* PBXContainerItemProxy */;
		};
/* End PBXTargetDependency section */

/* Begin PBXVariantGroup section */
		52D361D72B449F5C00A91897 /* Main.storyboard */ = {
			isa = PBXVariantGroup;
			children = (
				52D361D82B449F5C00A91897 /* Base */,
			);
			name = Main.storyboard;
			sourceTree = "<group>";
		};
		52D361DF2B449F5D00A91897 /* LaunchScreen.storyboard */ = {
			isa = PBXVariantGroup;
			children = (
				52D361E02B449F5D00A91897 /* Base */,
			);
			name = LaunchScreen.storyboard;
			sourceTree = "<group>";
		};
/* End PBXVariantGroup section */

/* Begin XCBuildConfiguration section */
		52D361F92B449F5D00A91897 /* Debug */ = {
			isa = XCBuildConfiguration;
			buildSettings = {
				ALWAYS_SEARCH_USER_PATHS = NO;
				ASSETCATALOG_COMPILER_GENERATE_SWIFT_ASSET_SYMBOL_EXTENSIONS = YES;
				CLANG_ANALYZER_NONNULL = YES;
				CLANG_ANALYZER_NUMBER_OBJECT_CONVERSION = YES_AGGRESSIVE;
				CLANG_CXX_LANGUAGE_STANDARD = "gnu++20";
				CLANG_ENABLE_MODULES = YES;
				CLANG_ENABLE_OBJC_ARC = YES;
				CLANG_ENABLE_OBJC_WEAK = YES;
				CLANG_WARN_BLOCK_CAPTURE_AUTORELEASING = YES;
				CLANG_WARN_BOOL_CONVERSION = YES;
				CLANG_WARN_COMMA = YES;
				CLANG_WARN_CONSTANT_CONVERSION = YES;
				CLANG_WARN_DEPRECATED_OBJC_IMPLEMENTATIONS = YES;
				CLANG_WARN_DIRECT_OBJC_ISA_USAGE = YES_ERROR;
				CLANG_WARN_DOCUMENTATION_COMMENTS = YES;
				CLANG_WARN_EMPTY_BODY = YES;
				CLANG_WARN_ENUM_CONVERSION = YES;
				CLANG_WARN_INFINITE_RECURSION = YES;
				CLANG_WARN_INT_CONVERSION = YES;
				CLANG_WARN_NON_LITERAL_NULL_CONVERSION = YES;
				CLANG_WARN_OBJC_IMPLICIT_RETAIN_SELF = YES;
				CLANG_WARN_OBJC_LITERAL_CONVERSION = YES;
				CLANG_WARN_OBJC_ROOT_CLASS = YES_ERROR;
				CLANG_WARN_QUOTED_INCLUDE_IN_FRAMEWORK_HEADER = YES;
				CLANG_WARN_RANGE_LOOP_ANALYSIS = YES;
				CLANG_WARN_STRICT_PROTOTYPES = YES;
				CLANG_WARN_SUSPICIOUS_MOVE = YES;
				CLANG_WARN_UNGUARDED_AVAILABILITY = YES_AGGRESSIVE;
				CLANG_WARN_UNREACHABLE_CODE = YES;
				CLANG_WARN__DUPLICATE_METHOD_MATCH = YES;
				COPY_PHASE_STRIP = NO;
				DEBUG_INFORMATION_FORMAT = dwarf;
				ENABLE_STRICT_OBJC_MSGSEND = YES;
				ENABLE_TESTABILITY = YES;
				ENABLE_USER_SCRIPT_SANDBOXING = YES;
				GCC_C_LANGUAGE_STANDARD = gnu17;
				GCC_DYNAMIC_NO_PIC = NO;
				GCC_NO_COMMON_BLOCKS = YES;
				GCC_OPTIMIZATION_LEVEL = 0;
				GCC_PREPROCESSOR_DEFINITIONS = (
					"DEBUG=1",
					"$(inherited)",
				);
				GCC_WARN_64_TO_32_BIT_CONVERSION = YES;
				GCC_WARN_ABOUT_RETURN_TYPE = YES_ERROR;
				GCC_WARN_UNDECLARED_SELECTOR = YES;
				GCC_WARN_UNINITIALIZED_AUTOS = YES_AGGRESSIVE;
				GCC_WARN_UNUSED_FUNCTION = YES;
				GCC_WARN_UNUSED_VARIABLE = YES;
				IPHONEOS_DEPLOYMENT_TARGET = 17.0;
				LOCALIZATION_PREFERS_STRING_CATALOGS = YES;
				MTL_ENABLE_DEBUG_INFO = INCLUDE_SOURCE;
				MTL_FAST_MATH = YES;
				ONLY_ACTIVE_ARCH = YES;
				SDKROOT = iphoneos;
				SWIFT_ACTIVE_COMPILATION_CONDITIONS = "DEBUG $(inherited)";
				SWIFT_OPTIMIZATION_LEVEL = "-Onone";
			};
			name = Debug;
		};
		52D361FA2B449F5D00A91897 /* Release */ = {
			isa = XCBuildConfiguration;
			buildSettings = {
				ALWAYS_SEARCH_USER_PATHS = NO;
				ASSETCATALOG_COMPILER_GENERATE_SWIFT_ASSET_SYMBOL_EXTENSIONS = YES;
				CLANG_ANALYZER_NONNULL = YES;
				CLANG_ANALYZER_NUMBER_OBJECT_CONVERSION = YES_AGGRESSIVE;
				CLANG_CXX_LANGUAGE_STANDARD = "gnu++20";
				CLANG_ENABLE_MODULES = YES;
				CLANG_ENABLE_OBJC_ARC = YES;
				CLANG_ENABLE_OBJC_WEAK = YES;
				CLANG_WARN_BLOCK_CAPTURE_AUTORELEASING = YES;
				CLANG_WARN_BOOL_CONVERSION = YES;
				CLANG_WARN_COMMA = YES;
				CLANG_WARN_CONSTANT_CONVERSION = YES;
				CLANG_WARN_DEPRECATED_OBJC_IMPLEMENTATIONS = YES;
				CLANG_WARN_DIRECT_OBJC_ISA_USAGE = YES_ERROR;
				CLANG_WARN_DOCUMENTATION_COMMENTS = YES;
				CLANG_WARN_EMPTY_BODY = YES;
				CLANG_WARN_ENUM_CONVERSION = YES;
				CLANG_WARN_INFINITE_RECURSION = YES;
				CLANG_WARN_INT_CONVERSION = YES;
				CLANG_WARN_NON_LITERAL_NULL_CONVERSION = YES;
				CLANG_WARN_OBJC_IMPLICIT_RETAIN_SELF = YES;
				CLANG_WARN_OBJC_LITERAL_CONVERSION = YES;
				CLANG_WARN_OBJC_ROOT_CLASS = YES_ERROR;
				CLANG_WARN_QUOTED_INCLUDE_IN_FRAMEWORK_HEADER = YES;
				CLANG_WARN_RANGE_LOOP_ANALYSIS = YES;
				CLANG_WARN_STRICT_PROTOTYPES = YES;
				CLANG_WARN_SUSPICIOUS_MOVE = YES;
				CLANG_WARN_UNGUARDED_AVAILABILITY = YES_AGGRESSIVE;
				CLANG_WARN_UNREACHABLE_CODE = YES;
				CLANG_WARN__DUPLICATE_METHOD_MATCH = YES;
				COPY_PHASE_STRIP = NO;
				DEBUG_INFORMATION_FORMAT = "dwarf-with-dsym";
				ENABLE_NS_ASSERTIONS = NO;
				ENABLE_STRICT_OBJC_MSGSEND = YES;
				ENABLE_USER_SCRIPT_SANDBOXING = YES;
				GCC_C_LANGUAGE_STANDARD = gnu17;
				GCC_NO_COMMON_BLOCKS = YES;
				GCC_WARN_64_TO_32_BIT_CONVERSION = YES;
				GCC_WARN_ABOUT_RETURN_TYPE = YES_ERROR;
				GCC_WARN_UNDECLARED_SELECTOR = YES;
				GCC_WARN_UNINITIALIZED_AUTOS = YES_AGGRESSIVE;
				GCC_WARN_UNUSED_FUNCTION = YES;
				GCC_WARN_UNUSED_VARIABLE = YES;
				IPHONEOS_DEPLOYMENT_TARGET = 17.0;
				LOCALIZATION_PREFERS_STRING_CATALOGS = YES;
				MTL_ENABLE_DEBUG_INFO = NO;
				MTL_FAST_MATH = YES;
				SDKROOT = iphoneos;
				SWIFT_COMPILATION_MODE = wholemodule;
				VALIDATE_PRODUCT = YES;
			};
			name = Release;
		};
		52D361FC2B449F5D00A91897 /* Debug */ = {
			isa = XCBuildConfiguration;
			buildSettings = {
				ASSETCATALOG_COMPILER_APPICON_NAME = AppIcon;
				ASSETCATALOG_COMPILER_GLOBAL_ACCENT_COLOR_NAME = AccentColor;
				CODE_SIGN_STYLE = Automatic;
				CURRENT_PROJECT_VERSION = 1;
				DEVELOPMENT_TEAM = 62DYFDKKG7;
				GENERATE_INFOPLIST_FILE = YES;
				INFOPLIST_FILE = IntroduceStudent/Info.plist;
				INFOPLIST_KEY_UIApplicationSupportsIndirectInputEvents = YES;
				INFOPLIST_KEY_UILaunchStoryboardName = LaunchScreen;
				INFOPLIST_KEY_UIMainStoryboardFile = Main;
				INFOPLIST_KEY_UISupportedInterfaceOrientations = UIInterfaceOrientationPortrait;
				INFOPLIST_KEY_UISupportedInterfaceOrientations_iPad = "UIInterfaceOrientationLandscapeLeft UIInterfaceOrientationLandscapeRight UIInterfaceOrientationPortrait UIInterfaceOrientationPortraitUpsideDown";
				LD_RUNPATH_SEARCH_PATHS = (
					"$(inherited)",
					"@executable_path/Frameworks",
				);
				MARKETING_VERSION = 1.0;
				PRODUCT_BUNDLE_IDENTIFIER = com.AmrMahdy.IntroduceStudent;
				PRODUCT_NAME = "$(TARGET_NAME)";
				SWIFT_EMIT_LOC_STRINGS = YES;
				SWIFT_VERSION = 5.0;
				TARGETED_DEVICE_FAMILY = "1,2";
			};
			name = Debug;
		};
		52D361FD2B449F5D00A91897 /* Release */ = {
			isa = XCBuildConfiguration;
			buildSettings = {
				ASSETCATALOG_COMPILER_APPICON_NAME = AppIcon;
				ASSETCATALOG_COMPILER_GLOBAL_ACCENT_COLOR_NAME = AccentColor;
				CODE_SIGN_STYLE = Automatic;
				CURRENT_PROJECT_VERSION = 1;
				DEVELOPMENT_TEAM = 62DYFDKKG7;
				GENERATE_INFOPLIST_FILE = YES;
				INFOPLIST_FILE = IntroduceStudent/Info.plist;
				INFOPLIST_KEY_UIApplicationSupportsIndirectInputEvents = YES;
				INFOPLIST_KEY_UILaunchStoryboardName = LaunchScreen;
				INFOPLIST_KEY_UIMainStoryboardFile = Main;
				INFOPLIST_KEY_UISupportedInterfaceOrientations = UIInterfaceOrientationPortrait;
				INFOPLIST_KEY_UISupportedInterfaceOrientations_iPad = "UIInterfaceOrientationLandscapeLeft UIInterfaceOrientationLandscapeRight UIInterfaceOrientationPortrait UIInterfaceOrientationPortraitUpsideDown";
				LD_RUNPATH_SEARCH_PATHS = (
					"$(inherited)",
					"@executable_path/Frameworks",
				);
				MARKETING_VERSION = 1.0;
				PRODUCT_BUNDLE_IDENTIFIER = com.AmrMahdy.IntroduceStudent;
				PRODUCT_NAME = "$(TARGET_NAME)";
				SWIFT_EMIT_LOC_STRINGS = YES;
				SWIFT_VERSION = 5.0;
				TARGETED_DEVICE_FAMILY = "1,2";
			};
			name = Release;
		};
		52D361FF2B449F5D00A91897 /* Debug */ = {
			isa = XCBuildConfiguration;
			buildSettings = {
				ALWAYS_EMBED_SWIFT_STANDARD_LIBRARIES = YES;
				BUNDLE_LOADER = "$(TEST_HOST)";
				CODE_SIGN_STYLE = Automatic;
				CURRENT_PROJECT_VERSION = 1;
				DEVELOPMENT_TEAM = 62DYFDKKG7;
				GENERATE_INFOPLIST_FILE = YES;
				IPHONEOS_DEPLOYMENT_TARGET = 17.0;
				MARKETING_VERSION = 1.0;
				PRODUCT_BUNDLE_IDENTIFIER = com.AmrMahdy.IntroduceStudentTests;
				PRODUCT_NAME = "$(TARGET_NAME)";
				SWIFT_EMIT_LOC_STRINGS = NO;
				SWIFT_VERSION = 5.0;
				TARGETED_DEVICE_FAMILY = "1,2";
				TEST_HOST = "$(BUILT_PRODUCTS_DIR)/IntroduceStudent.app/$(BUNDLE_EXECUTABLE_FOLDER_PATH)/IntroduceStudent";
			};
			name = Debug;
		};
		52D362002B449F5D00A91897 /* Release */ = {
			isa = XCBuildConfiguration;
			buildSettings = {
				ALWAYS_EMBED_SWIFT_STANDARD_LIBRARIES = YES;
				BUNDLE_LOADER = "$(TEST_HOST)";
				CODE_SIGN_STYLE = Automatic;
				CURRENT_PROJECT_VERSION = 1;
				DEVELOPMENT_TEAM = 62DYFDKKG7;
				GENERATE_INFOPLIST_FILE = YES;
				IPHONEOS_DEPLOYMENT_TARGET = 17.0;
				MARKETING_VERSION = 1.0;
				PRODUCT_BUNDLE_IDENTIFIER = com.AmrMahdy.IntroduceStudentTests;
				PRODUCT_NAME = "$(TARGET_NAME)";
				SWIFT_EMIT_LOC_STRINGS = NO;
				SWIFT_VERSION = 5.0;
				TARGETED_DEVICE_FAMILY = "1,2";
				TEST_HOST = "$(BUILT_PRODUCTS_DIR)/IntroduceStudent.app/$(BUNDLE_EXECUTABLE_FOLDER_PATH)/IntroduceStudent";
			};
			name = Release;
		};
		52D362022B449F5D00A91897 /* Debug */ = {
			isa = XCBuildConfiguration;
			buildSettings = {
				ALWAYS_EMBED_SWIFT_STANDARD_LIBRARIES = YES;
				CODE_SIGN_STYLE = Automatic;
				CURRENT_PROJECT_VERSION = 1;
				DEVELOPMENT_TEAM = 62DYFDKKG7;
				GENERATE_INFOPLIST_FILE = YES;
				MARKETING_VERSION = 1.0;
				PRODUCT_BUNDLE_IDENTIFIER = com.AmrMahdy.IntroduceStudentUITests;
				PRODUCT_NAME = "$(TARGET_NAME)";
				SWIFT_EMIT_LOC_STRINGS = NO;
				SWIFT_VERSION = 5.0;
				TARGETED_DEVICE_FAMILY = "1,2";
				TEST_TARGET_NAME = IntroduceStudent;
			};
			name = Debug;
		};
		52D362032B449F5D00A91897 /* Release */ = {
			isa = XCBuildConfiguration;
			buildSettings = {
				ALWAYS_EMBED_SWIFT_STANDARD_LIBRARIES = YES;
				CODE_SIGN_STYLE = Automatic;
				CURRENT_PROJECT_VERSION = 1;
				DEVELOPMENT_TEAM = 62DYFDKKG7;
				GENERATE_INFOPLIST_FILE = YES;
				MARKETING_VERSION = 1.0;
				PRODUCT_BUNDLE_IDENTIFIER = com.AmrMahdy.IntroduceStudentUITests;
				PRODUCT_NAME = "$(TARGET_NAME)";
				SWIFT_EMIT_LOC_STRINGS = NO;
				SWIFT_VERSION = 5.0;
				TARGETED_DEVICE_FAMILY = "1,2";
				TEST_TARGET_NAME = IntroduceStudent;
			};
			name = Release;
		};
/* End XCBuildConfiguration section */

/* Begin XCConfigurationList section */
		52D361C92B449F5C00A91897 /* Build configuration list for PBXProject "IntroduceStudent" */ = {
			isa = XCConfigurationList;
			buildConfigurations = (
				52D361F92B449F5D00A91897 /* Debug */,
				52D361FA2B449F5D00A91897 /* Release */,
			);
			defaultConfigurationIsVisible = 0;
			defaultConfigurationName = Release;
		};
		52D361FB2B449F5D00A91897 /* Build configuration list for PBXNativeTarget "IntroduceStudent" */ = {
			isa = XCConfigurationList;
			buildConfigurations = (
				52D361FC2B449F5D00A91897 /* Debug */,
				52D361FD2B449F5D00A91897 /* Release */,
			);
			defaultConfigurationIsVisible = 0;
			defaultConfigurationName = Release;
		};
		52D361FE2B449F5D00A91897 /* Build configuration list for PBXNativeTarget "IntroduceStudentTests" */ = {
			isa = XCConfigurationList;
			buildConfigurations = (
				52D361FF2B449F5D00A91897 /* Debug */,
				52D362002B449F5D00A91897 /* Release */,
			);
			defaultConfigurationIsVisible = 0;
			defaultConfigurationName = Release;
		};
		52D362012B449F5D00A91897 /* Build configuration list for PBXNativeTarget "IntroduceStudentUITests" */ = {
			isa = XCConfigurationList;
			buildConfigurations = (
				52D362022B449F5D00A91897 /* Debug */,
				52D362032B449F5D00A91897 /* Release */,
			);
			defaultConfigurationIsVisible = 0;
			defaultConfigurationName = Release;
		};
/* End XCConfigurationList section */

/* Begin XCVersionGroup section */
		52D361DA2B449F5C00A91897 /* IntroduceStudent.xcdatamodeld */ = {
			isa = XCVersionGroup;
			children = (
				52D361DB2B449F5C00A91897 /* IntroduceStudent.xcdatamodel */,
			);
			currentVersion = 52D361DB2B449F5C00A91897 /* IntroduceStudent.xcdatamodel */;
			path = IntroduceStudent.xcdatamodeld;
			sourceTree = "<group>";
			versionGroupType = wrapper.xcdatamodel;
		};
/* End XCVersionGroup section */
	};
	rootObject = 52D361C62B449F5C00A91897 /* Project object */;
}
